
Microsoft Visual Studio Solution File, Format Version 12.00
# Visual Studio Version 17
VisualStudioVersion = 17.7.34009.444
MinimumVisualStudioVersion = 10.0.40219.1
Project("{8BC9CEB8-8B4A-11D0-8D11-00A0C91BC942}") = "HelloLibTorch", "HelloLibTorch\HelloLibTorch.vcxproj", "{0222493F-CCE5-490E-8D64-56D9D393A34D}"
EndProject
Global
	GlobalSection(SolutionConfigurationPlatforms) = preSolution
		Debug|x64 = Debug|x64
		Release|x64 = Release|x64
	EndGlobalSection
	GlobalSection(ProjectConfigurationPlatforms) = postSolution
		{0222493F-CCE5-490E-8D64-56D9D393A34D}.Debug|x64.ActiveCfg = Debug|x64
		{0222493F-CCE5-490E-8D64-56D9D393A34D}.Debug|x64.Build.0 = Debug|x64
		{0222493F-CCE5-490E-8D64-56D9D393A34D}.Release|x64.ActiveCfg = Release|x64
		{0222493F-CCE5-490E-8D64-56D9D393A34D}.Release|x64.Build.0 = Release|x64
	EndGlobalSection
	GlobalSection(SolutionProperties) = preSolution
		HideSolutionNode = FALSE
	EndGlobalSection
	GlobalSection(ExtensibilityGlobals) = postSolution
		SolutionGuid = {0C4F4670-5526-4DE3-8F0E-B23B5BED48B9}
	EndGlobalSection
EndGlobal
